
Microsoft Visual Studio Solution File, Format Version 12.00
# Visual Studio Version 17
VisualStudioVersion = 17.9.34728.123
MinimumVisualStudioVersion = 10.0.40219.1
Project("{9A19103F-16F7-4668-BE54-9A1E7A4F7556}") = "Displaying Details", "Displaying Details\Displaying Details.csproj", "{609C6624-1873-48E8-B3EA-6E747C809DAD}"
	ProjectSection(ProjectDependencies) = postProject
		{122E2118-333A-4B3B-84E2-682E54E3A29A} = {122E2118-333A-4B3B-84E2-682E54E3A29A}
	EndProjectSection
EndProject
Project("{9A19103F-16F7-4668-BE54-9A1E7A4F7556}") = "Repo", "..\Capturing Details\Repo\Repo.csproj", "{122E2118-333A-4B3B-84E2-682E54E3A29A}"
EndProject
Global
	GlobalSection(SolutionConfigurationPlatforms) = preSolution
		Debug|Any CPU = Debug|Any CPU
		Release|Any CPU = Release|Any CPU
	EndGlobalSection
	GlobalSection(ProjectConfigurationPlatforms) = postSolution
		{609C6624-1873-48E8-B3EA-6E747C809DAD}.Debug|Any CPU.ActiveCfg = Debug|Any CPU
		{609C6624-1873-48E8-B3EA-6E747C809DAD}.Debug|Any CPU.Build.0 = Debug|Any CPU
		{609C6624-1873-48E8-B3EA-6E747C809DAD}.Release|Any CPU.ActiveCfg = Release|Any CPU
		{609C6624-1873-48E8-B3EA-6E747C809DAD}.Release|Any CPU.Build.0 = Release|Any CPU
		{122E2118-333A-4B3B-84E2-682E54E3A29A}.Debug|Any CPU.ActiveCfg = Debug|Any CPU
		{122E2118-333A-4B3B-84E2-682E54E3A29A}.Debug|Any CPU.Build.0 = Debug|Any CPU
		{122E2118-333A-4B3B-84E2-682E54E3A29A}.Release|Any CPU.ActiveCfg = Release|Any CPU
		{122E2118-333A-4B3B-84E2-682E54E3A29A}.Release|Any CPU.Build.0 = Release|Any CPU
	EndGlobalSection
	GlobalSection(SolutionProperties) = preSolution
		HideSolutionNode = FALSE
	EndGlobalSection
	GlobalSection(ExtensibilityGlobals) = postSolution
		SolutionGuid = {57E92DCA-D248-472F-98CF-3C6A4BF50D6D}
	EndGlobalSection
EndGlobal
